// !$*UTF8*$!
{
	archiveVersion = 1;
	classes = {
	};
	objectVersion = 55;
	objects = {

/* Begin PBXBuildFile section */
		E12DC8712844126B00C46DC7 /* Tests_iOS.swift in Sources */ = {isa = PBXBuildFile; fileRef = E12DC8702844126B00C46DC7 /* Tests_iOS.swift */; };
		E12DC8732844126B00C46DC7 /* Tests_iOSLaunchTests.swift in Sources */ = {isa = PBXBuildFile; fileRef = E12DC8722844126B00C46DC7 /* Tests_iOSLaunchTests.swift */; };
		E12DC87D2844126B00C46DC7 /* Tests_macOS.swift in Sources */ = {isa = PBXBuildFile; fileRef = E12DC87C2844126B00C46DC7 /* Tests_macOS.swift */; };
		E12DC87F2844126B00C46DC7 /* Tests_macOSLaunchTests.swift in Sources */ = {isa = PBXBuildFile; fileRef = E12DC87E2844126B00C46DC7 /* Tests_macOSLaunchTests.swift */; };
		E12DC8802844126B00C46DC7 /* weatherapp.xcdatamodeld in Sources */ = {isa = PBXBuildFile; fileRef = E12DC8552844126900C46DC7 /* weatherapp.xcdatamodeld */; };
		E12DC8812844126B00C46DC7 /* weatherapp.xcdatamodeld in Sources */ = {isa = PBXBuildFile; fileRef = E12DC8552844126900C46DC7 /* weatherapp.xcdatamodeld */; };
		E12DC8822844126B00C46DC7 /* weatherappApp.swift in Sources */ = {isa = PBXBuildFile; fileRef = E12DC8572844126900C46DC7 /* weatherappApp.swift */; };
		E12DC8832844126B00C46DC7 /* weatherappApp.swift in Sources */ = {isa = PBXBuildFile; fileRef = E12DC8572844126900C46DC7 /* weatherappApp.swift */; };
		E12DC8842844126B00C46DC7 /* ContentView.swift in Sources */ = {isa = PBXBuildFile; fileRef = E12DC8582844126900C46DC7 /* ContentView.swift */; };
		E12DC8852844126B00C46DC7 /* ContentView.swift in Sources */ = {isa = PBXBuildFile; fileRef = E12DC8582844126900C46DC7 /* ContentView.swift */; };
		E12DC8862844126B00C46DC7 /* Persistence.swift in Sources */ = {isa = PBXBuildFile; fileRef = E12DC8592844126900C46DC7 /* Persistence.swift */; };
		E12DC8872844126B00C46DC7 /* Persistence.swift in Sources */ = {isa = PBXBuildFile; fileRef = E12DC8592844126900C46DC7 /* Persistence.swift */; };
		E12DC8882844126B00C46DC7 /* Assets.xcassets in Resources */ = {isa = PBXBuildFile; fileRef = E12DC85A2844126B00C46DC7 /* Assets.xcassets */; };
		E12DC8892844126B00C46DC7 /* Assets.xcassets in Resources */ = {isa = PBXBuildFile; fileRef = E12DC85A2844126B00C46DC7 /* Assets.xcassets */; };
/* End PBXBuildFile section */

/* Begin PBXContainerItemProxy section */
		E12DC86D2844126B00C46DC7 /* PBXContainerItemProxy */ = {
			isa = PBXContainerItemProxy;
			containerPortal = E12DC8502844126900C46DC7 /* Project object */;
			proxyType = 1;
			remoteGlobalIDString = E12DC85E2844126B00C46DC7;
			remoteInfo = "weatherapp (iOS)";
		};
		E12DC8792844126B00C46DC7 /* PBXContainerItemProxy */ = {
			isa = PBXContainerItemProxy;
			containerPortal = E12DC8502844126900C46DC7 /* Project object */;
			proxyType = 1;
			remoteGlobalIDString = E12DC8642844126B00C46DC7;
			remoteInfo = "weatherapp (macOS)";
		};
/* End PBXContainerItemProxy section */

/* Begin PBXFileReference section */
		E12DC8562844126900C46DC7 /* Shared.xcdatamodel */ = {isa = PBXFileReference; lastKnownFileType = wrapper.xcdatamodel; path = Shared.xcdatamodel; sourceTree = "<group>"; };
		E12DC8572844126900C46DC7 /* weatherappApp.swift */ = {isa = PBXFileReference; lastKnownFileType = sourcecode.swift; path = weatherappApp.swift; sourceTree = "<group>"; };
		E12DC8582844126900C46DC7 /* ContentView.swift */ = {isa = PBXFileReference; lastKnownFileType = sourcecode.swift; path = ContentView.swift; sourceTree = "<group>"; };
		E12DC8592844126900C46DC7 /* Persistence.swift */ = {isa = PBXFileReference; lastKnownFileType = sourcecode.swift; path = Persistence.swift; sourceTree = "<group>"; };
		E12DC85A2844126B00C46DC7 /* Assets.xcassets */ = {isa = PBXFileReference; lastKnownFileType = folder.assetcatalog; path = Assets.xcassets; sourceTree = "<group>"; };
		E12DC85F2844126B00C46DC7 /* weatherapp.app */ = {isa = PBXFileReference; explicitFileType = wrapper.application; includeInIndex = 0; path = weatherapp.app; sourceTree = BUILT_PRODUCTS_DIR; };
		E12DC8652844126B00C46DC7 /* weatherapp.app */ = {isa = PBXFileReference; explicitFileType = wrapper.application; includeInIndex = 0; path = weatherapp.app; sourceTree = BUILT_PRODUCTS_DIR; };
		E12DC8672844126B00C46DC7 /* macOS.entitlements */ = {isa = PBXFileReference; lastKnownFileType = text.plist.entitlements; path = macOS.entitlements; sourceTree = "<group>"; };
		E12DC86C2844126B00C46DC7 /* Tests iOS.xctest */ = {isa = PBXFileReference; explicitFileType = wrapper.cfbundle; includeInIndex = 0; path = "Tests iOS.xctest"; sourceTree = BUILT_PRODUCTS_DIR; };
		E12DC8702844126B00C46DC7 /* Tests_iOS.swift */ = {isa = PBXFileReference; lastKnownFileType = sourcecode.swift; path = Tests_iOS.swift; sourceTree = "<group>"; };
		E12DC8722844126B00C46DC7 /* Tests_iOSLaunchTests.swift */ = {isa = PBXFileReference; lastKnownFileType = sourcecode.swift; path = Tests_iOSLaunchTests.swift; sourceTree = "<group>"; };
		E12DC8782844126B00C46DC7 /* Tests macOS.xctest */ = {isa = PBXFileReference; explicitFileType = wrapper.cfbundle; includeInIndex = 0; path = "Tests macOS.xctest"; sourceTree = BUILT_PRODUCTS_DIR; };
		E12DC87C2844126B00C46DC7 /* Tests_macOS.swift */ = {isa = PBXFileReference; lastKnownFileType = sourcecode.swift; path = Tests_macOS.swift; sourceTree = "<group>"; };
		E12DC87E2844126B00C46DC7 /* Tests_macOSLaunchTests.swift */ = {isa = PBXFileReference; lastKnownFileType = sourcecode.swift; path = Tests_macOSLaunchTests.swift; sourceTree = "<group>"; };
/* End PBXFileReference section */

/* Begin PBXFrameworksBuildPhase section */
		E12DC85C2844126B00C46DC7 /* Frameworks */ = {
			isa = PBXFrameworksBuildPhase;
			buildActionMask = 2147483647;
			files = (
			);
			runOnlyForDeploymentPostprocessing = 0;
		};
		E12DC8622844126B00C46DC7 /* Frameworks */ = {
			isa = PBXFrameworksBuildPhase;
			buildActionMask = 2147483647;
			files = (
			);
			runOnlyForDeploymentPostprocessing = 0;
		};
		E12DC8692844126B00C46DC7 /* Frameworks */ = {
			isa = PBXFrameworksBuildPhase;
			buildActionMask = 2147483647;
			files = (
			);
			runOnlyForDeploymentPostprocessing = 0;
		};
		E12DC8752844126B00C46DC7 /* Frameworks */ = {
			isa = PBXFrameworksBuildPhase;
			buildActionMask = 2147483647;
			files = (
			);
			runOnlyForDeploymentPostprocessing = 0;
		};
/* End PBXFrameworksBuildPhase section */

/* Begin PBXGroup section */
		E12DC84F2844126900C46DC7 = {
			isa = PBXGroup;
			children = (
				E12DC8542844126900C46DC7 /* Shared */,
				E12DC8662844126B00C46DC7 /* macOS */,
				E12DC86F2844126B00C46DC7 /* Tests iOS */,
				E12DC87B2844126B00C46DC7 /* Tests macOS */,
				E12DC8602844126B00C46DC7 /* Products */,
			);
			sourceTree = "<group>";
		};
		E12DC8542844126900C46DC7 /* Shared */ = {
			isa = PBXGroup;
			children = (
				E12DC8572844126900C46DC7 /* weatherappApp.swift */,
				E12DC8582844126900C46DC7 /* ContentView.swift */,
				E12DC8592844126900C46DC7 /* Persistence.swift */,
				E12DC85A2844126B00C46DC7 /* Assets.xcassets */,
				E12DC8552844126900C46DC7 /* weatherapp.xcdatamodeld */,
			);
			path = Shared;
			sourceTree = "<group>";
		};
		E12DC8602844126B00C46DC7 /* Products */ = {
			isa = PBXGroup;
			children = (
				E12DC85F2844126B00C46DC7 /* weatherapp.app */,
				E12DC8652844126B00C46DC7 /* weatherapp.app */,
				E12DC86C2844126B00C46DC7 /* Tests iOS.xctest */,
				E12DC8782844126B00C46DC7 /* Tests macOS.xctest */,
			);
			name = Products;
			sourceTree = "<group>";
		};
		E12DC8662844126B00C46DC7 /* macOS */ = {
			isa = PBXGroup;
			children = (
				E12DC8672844126B00C46DC7 /* macOS.entitlements */,
			);
			path = macOS;
			sourceTree = "<group>";
		};
		E12DC86F2844126B00C46DC7 /* Tests iOS */ = {
			isa = PBXGroup;
			children = (
				E12DC8702844126B00C46DC7 /* Tests_iOS.swift */,
				E12DC8722844126B00C46DC7 /* Tests_iOSLaunchTests.swift */,
			);
			path = "Tests iOS";
			sourceTree = "<group>";
		};
		E12DC87B2844126B00C46DC7 /* Tests macOS */ = {
			isa = PBXGroup;
			children = (
				E12DC87C2844126B00C46DC7 /* Tests_macOS.swift */,
				E12DC87E2844126B00C46DC7 /* Tests_macOSLaunchTests.swift */,
			);
			path = "Tests macOS";
			sourceTree = "<group>";
		};
/* End PBXGroup section */

/* Begin PBXNativeTarget section */
		E12DC85E2844126B00C46DC7 /* weatherapp (iOS) */ = {
			isa = PBXNativeTarget;
			buildConfigurationList = E12DC88C2844126B00C46DC7 /* Build configuration list for PBXNativeTarget "weatherapp (iOS)" */;
			buildPhases = (
				E12DC85B2844126B00C46DC7 /* Sources */,
				E12DC85C2844126B00C46DC7 /* Frameworks */,
				E12DC85D2844126B00C46DC7 /* Resources */,
			);
			buildRules = (
			);
			dependencies = (
			);
			name = "weatherapp (iOS)";
			productName = "weatherapp (iOS)";
			productReference = E12DC85F2844126B00C46DC7 /* weatherapp.app */;
			productType = "com.apple.product-type.application";
		};
		E12DC8642844126B00C46DC7 /* weatherapp (macOS) */ = {
			isa = PBXNativeTarget;
			buildConfigurationList = E12DC88F2844126B00C46DC7 /* Build configuration list for PBXNativeTarget "weatherapp (macOS)" */;
			buildPhases = (
				E12DC8612844126B00C46DC7 /* Sources */,
				E12DC8622844126B00C46DC7 /* Frameworks */,
				E12DC8632844126B00C46DC7 /* Resources */,
			);
			buildRules = (
			);
			dependencies = (
			);
			name = "weatherapp (macOS)";
			productName = "weatherapp (macOS)";
			productReference = E12DC8652844126B00C46DC7 /* weatherapp.app */;
			productType = "com.apple.product-type.application";
		};
		E12DC86B2844126B00C46DC7 /* Tests iOS */ = {
			isa = PBXNativeTarget;
			buildConfigurationList = E12DC8922844126B00C46DC7 /* Build configuration list for PBXNativeTarget "Tests iOS" */;
			buildPhases = (
				E12DC8682844126B00C46DC7 /* Sources */,
				E12DC8692844126B00C46DC7 /* Frameworks */,
				E12DC86A2844126B00C46DC7 /* Resources */,
			);
			buildRules = (
			);
			dependencies = (
				E12DC86E2844126B00C46DC7 /* PBXTargetDependency */,
			);
			name = "Tests iOS";
			productName = "Tests iOS";
			productReference = E12DC86C2844126B00C46DC7 /* Tests iOS.xctest */;
			productType = "com.apple.product-type.bundle.ui-testing";
		};
		E12DC8772844126B00C46DC7 /* Tests macOS */ = {
			isa = PBXNativeTarget;
			buildConfigurationList = E12DC8952844126B00C46DC7 /* Build configuration list for PBXNativeTarget "Tests macOS" */;
			buildPhases = (
				E12DC8742844126B00C46DC7 /* Sources */,
				E12DC8752844126B00C46DC7 /* Frameworks */,
				E12DC8762844126B00C46DC7 /* Resources */,
			);
			buildRules = (
			);
			dependencies = (
				E12DC87A2844126B00C46DC7 /* PBXTargetDependency */,
			);
			name = "Tests macOS";
			productName = "Tests macOS";
			productReference = E12DC8782844126B00C46DC7 /* Tests macOS.xctest */;
			productType = "com.apple.product-type.bundle.ui-testing";
		};
/* End PBXNativeTarget section */

/* Begin PBXProject section */
		E12DC8502844126900C46DC7 /* Project object */ = {
			isa = PBXProject;
			attributes = {
				BuildIndependentTargetsInParallel = 1;
				LastSwiftUpdateCheck = 1340;
				LastUpgradeCheck = 1340;
				TargetAttributes = {
					E12DC85E2844126B00C46DC7 = {
						CreatedOnToolsVersion = 13.4;
					};
					E12DC8642844126B00C46DC7 = {
						CreatedOnToolsVersion = 13.4;
					};
					E12DC86B2844126B00C46DC7 = {
						CreatedOnToolsVersion = 13.4;
						TestTargetID = E12DC85E2844126B00C46DC7;
					};
					E12DC8772844126B00C46DC7 = {
						CreatedOnToolsVersion = 13.4;
						TestTargetID = E12DC8642844126B00C46DC7;
					};
				};
			};
			buildConfigurationList = E12DC8532844126900C46DC7 /* Build configuration list for PBXProject "weatherapp" */;
			compatibilityVersion = "Xcode 13.0";
			developmentRegion = en;
			hasScannedForEncodings = 0;
			knownRegions = (
				en,
				Base,
			);
			mainGroup = E12DC84F2844126900C46DC7;
			productRefGroup = E12DC8602844126B00C46DC7 /* Products */;
			projectDirPath = "";
			projectRoot = "";
			targets = (
				E12DC85E2844126B00C46DC7 /* weatherapp (iOS) */,
				E12DC8642844126B00C46DC7 /* weatherapp (macOS) */,
				E12DC86B2844126B00C46DC7 /* Tests iOS */,
				E12DC8772844126B00C46DC7 /* Tests macOS */,
			);
		};
/* End PBXProject section */

/* Begin PBXResourcesBuildPhase section */
		E12DC85D2844126B00C46DC7 /* Resources */ = {
			isa = PBXResourcesBuildPhase;
			buildActionMask = 2147483647;
			files = (
				E12DC8882844126B00C46DC7 /* Assets.xcassets in Resources */,
			);
			runOnlyForDeploymentPostprocessing = 0;
		};
		E12DC8632844126B00C46DC7 /* Resources */ = {
			isa = PBXResourcesBuildPhase;
			buildActionMask = 2147483647;
			files = (
				E12DC8892844126B00C46DC7 /* Assets.xcassets in Resources */,
			);
			runOnlyForDeploymentPostprocessing = 0;
		};
		E12DC86A2844126B00C46DC7 /* Resources */ = {
			isa = PBXResourcesBuildPhase;
			buildActionMask = 2147483647;
			files = (
			);
			runOnlyForDeploymentPostprocessing = 0;
		};
		E12DC8762844126B00C46DC7 /* Resources */ = {
			isa = PBXResourcesBuildPhase;
			buildActionMask = 2147483647;
			files = (
			);
			runOnlyForDeploymentPostprocessing = 0;
		};
/* End PBXResourcesBuildPhase section */

/* Begin PBXSourcesBuildPhase section */
		E12DC85B2844126B00C46DC7 /* Sources */ = {
			isa = PBXSourcesBuildPhase;
			buildActionMask = 2147483647;
			files = (
				E12DC8822844126B00C46DC7 /* weatherappApp.swift in Sources */,
				E12DC8862844126B00C46DC7 /* Persistence.swift in Sources */,
				E12DC8802844126B00C46DC7 /* weatherapp.xcdatamodeld in Sources */,
				E12DC8842844126B00C46DC7 /* ContentView.swift in Sources */,
			);
			runOnlyForDeploymentPostprocessing = 0;
		};
		E12DC8612844126B00C46DC7 /* Sources */ = {
			isa = PBXSourcesBuildPhase;
			buildActionMask = 2147483647;
			files = (
				E12DC8832844126B00C46DC7 /* weatherappApp.swift in Sources */,
				E12DC8872844126B00C46DC7 /* Persistence.swift in Sources */,
				E12DC8812844126B00C46DC7 /* weatherapp.xcdatamodeld in Sources */,
				E12DC8852844126B00C46DC7 /* ContentView.swift in Sources */,
			);
			runOnlyForDeploymentPostprocessing = 0;
		};
		E12DC8682844126B00C46DC7 /* Sources */ = {
			isa = PBXSourcesBuildPhase;
			buildActionMask = 2147483647;
			files = (
				E12DC8732844126B00C46DC7 /* Tests_iOSLaunchTests.swift in Sources */,
				E12DC8712844126B00C46DC7 /* Tests_iOS.swift in Sources */,
			);
			runOnlyForDeploymentPostprocessing = 0;
		};
		E12DC8742844126B00C46DC7 /* Sources */ = {
			isa = PBXSourcesBuildPhase;
			buildActionMask = 2147483647;
			files = (
				E12DC87F2844126B00C46DC7 /* Tests_macOSLaunchTests.swift in Sources */,
				E12DC87D2844126B00C46DC7 /* Tests_macOS.swift in Sources */,
			);
			runOnlyForDeploymentPostprocessing = 0;
		};
/* End PBXSourcesBuildPhase section */

/* Begin PBXTargetDependency section */
		E12DC86E2844126B00C46DC7 /* PBXTargetDependency */ = {
			isa = PBXTargetDependency;
			target = E12DC85E2844126B00C46DC7 /* weatherapp (iOS) */;
			targetProxy = E12DC86D2844126B00C46DC7 /* PBXContainerItemProxy */;
		};
		E12DC87A2844126B00C46DC7 /* PBXTargetDependency */ = {
			isa = PBXTargetDependency;
			target = E12DC8642844126B00C46DC7 /* weatherapp (macOS) */;
			targetProxy = E12DC8792844126B00C46DC7 /* PBXContainerItemProxy */;
		};
/* End PBXTargetDependency section */

/* Begin XCBuildConfiguration section */
		E12DC88A2844126B00C46DC7 /* Debug */ = {
			isa = XCBuildConfiguration;
			buildSettings = {
				ALWAYS_SEARCH_USER_PATHS = NO;
				CLANG_ANALYZER_NONNULL = YES;
				CLANG_ANALYZER_NUMBER_OBJECT_CONVERSION = YES_AGGRESSIVE;
				CLANG_CXX_LANGUAGE_STANDARD = "gnu++17";
				CLANG_ENABLE_MODULES = YES;
				CLANG_ENABLE_OBJC_ARC = YES;
				CLANG_ENABLE_OBJC_WEAK = YES;
				CLANG_WARN_BLOCK_CAPTURE_AUTORELEASING = YES;
				CLANG_WARN_BOOL_CONVERSION = YES;
				CLANG_WARN_COMMA = YES;
				CLANG_WARN_CONSTANT_CONVERSION = YES;
				CLANG_WARN_DEPRECATED_OBJC_IMPLEMENTATIONS = YES;
				CLANG_WARN_DIRECT_OBJC_ISA_USAGE = YES_ERROR;
				CLANG_WARN_DOCUMENTATION_COMMENTS = YES;
				CLANG_WARN_EMPTY_BODY = YES;
				CLANG_WARN_ENUM_CONVERSION = YES;
				CLANG_WARN_INFINITE_RECURSION = YES;
				CLANG_WARN_INT_CONVERSION = YES;
				CLANG_WARN_NON_LITERAL_NULL_CONVERSION = YES;
				CLANG_WARN_OBJC_IMPLICIT_RETAIN_SELF = YES;
				CLANG_WARN_OBJC_LITERAL_CONVERSION = YES;
				CLANG_WARN_OBJC_ROOT_CLASS = YES_ERROR;
				CLANG_WARN_QUOTED_INCLUDE_IN_FRAMEWORK_HEADER = YES;
				CLANG_WARN_RANGE_LOOP_ANALYSIS = YES;
				CLANG_WARN_STRICT_PROTOTYPES = YES;
				CLANG_WARN_SUSPICIOUS_MOVE = YES;
				CLANG_WARN_UNGUARDED_AVAILABILITY = YES_AGGRESSIVE;
				CLANG_WARN_UNREACHABLE_CODE = YES;
				CLANG_WARN__DUPLICATE_METHOD_MATCH = YES;
				COPY_PHASE_STRIP = NO;
				DEBUG_INFORMATION_FORMAT = dwarf;
				ENABLE_STRICT_OBJC_MSGSEND = YES;
				ENABLE_TESTABILITY = YES;
				GCC_C_LANGUAGE_STANDARD = gnu11;
				GCC_DYNAMIC_NO_PIC = NO;
				GCC_NO_COMMON_BLOCKS = YES;
				GCC_OPTIMIZATION_LEVEL = 0;
				GCC_PREPROCESSOR_DEFINITIONS = (
					"DEBUG=1",
					"$(inherited)",
				);
				GCC_WARN_64_TO_32_BIT_CONVERSION = YES;
				GCC_WARN_ABOUT_RETURN_TYPE = YES_ERROR;
				GCC_WARN_UNDECLARED_SELECTOR = YES;
				GCC_WARN_UNINITIALIZED_AUTOS = YES_AGGRESSIVE;
				GCC_WARN_UNUSED_FUNCTION = YES;
				GCC_WARN_UNUSED_VARIABLE = YES;
				MTL_ENABLE_DEBUG_INFO = INCLUDE_SOURCE;
				MTL_FAST_MATH = YES;
				ONLY_ACTIVE_ARCH = YES;
				SWIFT_ACTIVE_COMPILATION_CONDITIONS = DEBUG;
				SWIFT_OPTIMIZATION_LEVEL = "-Onone";
			};
			name = Debug;
		};
		E12DC88B2844126B00C46DC7 /* Release */ = {
			isa = XCBuildConfiguration;
			buildSettings = {
				ALWAYS_SEARCH_USER_PATHS = NO;
				CLANG_ANALYZER_NONNULL = YES;
				CLANG_ANALYZER_NUMBER_OBJECT_CONVERSION = YES_AGGRESSIVE;
				CLANG_CXX_LANGUAGE_STANDARD = "gnu++17";
				CLANG_ENABLE_MODULES = YES;
				CLANG_ENABLE_OBJC_ARC = YES;
				CLANG_ENABLE_OBJC_WEAK = YES;
				CLANG_WARN_BLOCK_CAPTURE_AUTORELEASING = YES;
				CLANG_WARN_BOOL_CONVERSION = YES;
				CLANG_WARN_COMMA = YES;
				CLANG_WARN_CONSTANT_CONVERSION = YES;
				CLANG_WARN_DEPRECATED_OBJC_IMPLEMENTATIONS = YES;
				CLANG_WARN_DIRECT_OBJC_ISA_USAGE = YES_ERROR;
				CLANG_WARN_DOCUMENTATION_COMMENTS = YES;
				CLANG_WARN_EMPTY_BODY = YES;
				CLANG_WARN_ENUM_CONVERSION = YES;
				CLANG_WARN_INFINITE_RECURSION = YES;
				CLANG_WARN_INT_CONVERSION = YES;
				CLANG_WARN_NON_LITERAL_NULL_CONVERSION = YES;
				CLANG_WARN_OBJC_IMPLICIT_RETAIN_SELF = YES;
				CLANG_WARN_OBJC_LITERAL_CONVERSION = YES;
				CLANG_WARN_OBJC_ROOT_CLASS = YES_ERROR;
				CLANG_WARN_QUOTED_INCLUDE_IN_FRAMEWORK_HEADER = YES;
				CLANG_WARN_RANGE_LOOP_ANALYSIS = YES;
				CLANG_WARN_STRICT_PROTOTYPES = YES;
				CLANG_WARN_SUSPICIOUS_MOVE = YES;
				CLANG_WARN_UNGUARDED_AVAILABILITY = YES_AGGRESSIVE;
				CLANG_WARN_UNREACHABLE_CODE = YES;
				CLANG_WARN__DUPLICATE_METHOD_MATCH = YES;
				COPY_PHASE_STRIP = NO;
				DEBUG_INFORMATION_FORMAT = "dwarf-with-dsym";
				ENABLE_NS_ASSERTIONS = NO;
				ENABLE_STRICT_OBJC_MSGSEND = YES;
				GCC_C_LANGUAGE_STANDARD = gnu11;
				GCC_NO_COMMON_BLOCKS = YES;
				GCC_WARN_64_TO_32_BIT_CONVERSION = YES;
				GCC_WARN_ABOUT_RETURN_TYPE = YES_ERROR;
				GCC_WARN_UNDECLARED_SELECTOR = YES;
				GCC_WARN_UNINITIALIZED_AUTOS = YES_AGGRESSIVE;
				GCC_WARN_UNUSED_FUNCTION = YES;
				GCC_WARN_UNUSED_VARIABLE = YES;
				MTL_ENABLE_DEBUG_INFO = NO;
				MTL_FAST_MATH = YES;
				SWIFT_COMPILATION_MODE = wholemodule;
				SWIFT_OPTIMIZATION_LEVEL = "-O";
			};
			name = Release;
		};
		E12DC88D2844126B00C46DC7 /* Debug */ = {
			isa = XCBuildConfiguration;
			buildSettings = {
				ASSETCATALOG_COMPILER_APPICON_NAME = AppIcon;
				ASSETCATALOG_COMPILER_GLOBAL_ACCENT_COLOR_NAME = AccentColor;
				CODE_SIGN_STYLE = Automatic;
				CURRENT_PROJECT_VERSION = 1;
				DEVELOPMENT_TEAM = PS665D4U8B;
				ENABLE_PREVIEWS = YES;
				GENERATE_INFOPLIST_FILE = YES;
				INFOPLIST_KEY_UIApplicationSceneManifest_Generation = YES;
				INFOPLIST_KEY_UIApplicationSupportsIndirectInputEvents = YES;
				INFOPLIST_KEY_UILaunchScreen_Generation = YES;
				INFOPLIST_KEY_UISupportedInterfaceOrientations_iPad = "UIInterfaceOrientationPortrait UIInterfaceOrientationPortraitUpsideDown UIInterfaceOrientationLandscapeLeft UIInterfaceOrientationLandscapeRight";
				INFOPLIST_KEY_UISupportedInterfaceOrientations_iPhone = "UIInterfaceOrientationPortrait UIInterfaceOrientationLandscapeLeft UIInterfaceOrientationLandscapeRight";
				IPHONEOS_DEPLOYMENT_TARGET = 15.5;
				LD_RUNPATH_SEARCH_PATHS = (
					"$(inherited)",
					"@executable_path/Frameworks",
				);
				MARKETING_VERSION = 1.0;
				PRODUCT_BUNDLE_IDENTIFIER = com.weatherapp;
				PRODUCT_NAME = weatherapp;
				SDKROOT = iphoneos;
				SWIFT_EMIT_LOC_STRINGS = YES;
				SWIFT_VERSION = 5.0;
				TARGETED_DEVICE_FAMILY = "1,2";
			};
			name = Debug;
		};
		E12DC88E2844126B00C46DC7 /* Release */ = {
			isa = XCBuildConfiguration;
			buildSettings = {
				ASSETCATALOG_COMPILER_APPICON_NAME = AppIcon;
				ASSETCATALOG_COMPILER_GLOBAL_ACCENT_COLOR_NAME = AccentColor;
				CODE_SIGN_STYLE = Automatic;
				CURRENT_PROJECT_VERSION = 1;
				DEVELOPMENT_TEAM = PS665D4U8B;
				ENABLE_PREVIEWS = YES;
				GENERATE_INFOPLIST_FILE = YES;
				INFOPLIST_KEY_UIApplicationSceneManifest_Generation = YES;
				INFOPLIST_KEY_UIApplicationSupportsIndirectInputEvents = YES;
				INFOPLIST_KEY_UILaunchScreen_Generation = YES;
				INFOPLIST_KEY_UISupportedInterfaceOrientations_iPad = "UIInterfaceOrientationPortrait UIInterfaceOrientationPortraitUpsideDown UIInterfaceOrientationLandscapeLeft UIInterfaceOrientationLandscapeRight";
				INFOPLIST_KEY_UISupportedInterfaceOrientations_iPhone = "UIInterfaceOrientationPortrait UIInterfaceOrientationLandscapeLeft UIInterfaceOrientationLandscapeRight";
				IPHONEOS_DEPLOYMENT_TARGET = 15.5;
				LD_RUNPATH_SEARCH_PATHS = (
					"$(inherited)",
					"@executable_path/Frameworks",
				);
				MARKETING_VERSION = 1.0;
				PRODUCT_BUNDLE_IDENTIFIER = com.weatherapp;
				PRODUCT_NAME = weatherapp;
				SDKROOT = iphoneos;
				SWIFT_EMIT_LOC_STRINGS = YES;
				SWIFT_VERSION = 5.0;
				TARGETED_DEVICE_FAMILY = "1,2";
				VALIDATE_PRODUCT = YES;
			};
			name = Release;
		};
		E12DC8902844126B00C46DC7 /* Debug */ = {
			isa = XCBuildConfiguration;
			buildSettings = {
				ASSETCATALOG_COMPILER_APPICON_NAME = AppIcon;
				ASSETCATALOG_COMPILER_GLOBAL_ACCENT_COLOR_NAME = AccentColor;
				CODE_SIGN_ENTITLEMENTS = macOS/macOS.entitlements;
				CODE_SIGN_STYLE = Automatic;
				COMBINE_HIDPI_IMAGES = YES;
				CURRENT_PROJECT_VERSION = 1;
				DEVELOPMENT_TEAM = PS665D4U8B;
				ENABLE_HARDENED_RUNTIME = YES;
				ENABLE_PREVIEWS = YES;
				GENERATE_INFOPLIST_FILE = YES;
				INFOPLIST_KEY_NSHumanReadableCopyright = "";
				LD_RUNPATH_SEARCH_PATHS = (
					"$(inherited)",
					"@executable_path/../Frameworks",
				);
				MACOSX_DEPLOYMENT_TARGET = 12.3;
				MARKETING_VERSION = 1.0;
				PRODUCT_BUNDLE_IDENTIFIER = com.weatherapp;
				PRODUCT_NAME = weatherapp;
				SDKROOT = macosx;
				SWIFT_EMIT_LOC_STRINGS = YES;
				SWIFT_VERSION = 5.0;
			};
			name = Debug;
		};
		E12DC8912844126B00C46DC7 /* Release */ = {
			isa = XCBuildConfiguration;
			buildSettings = {
				ASSETCATALOG_COMPILER_APPICON_NAME = AppIcon;
				ASSETCATALOG_COMPILER_GLOBAL_ACCENT_COLOR_NAME = AccentColor;
				CODE_SIGN_ENTITLEMENTS = macOS/macOS.entitlements;
				CODE_SIGN_STYLE = Automatic;
				COMBINE_HIDPI_IMAGES = YES;
				CURRENT_PROJECT_VERSION = 1;
				DEVELOPMENT_TEAM = PS665D4U8B;
				ENABLE_HARDENED_RUNTIME = YES;
				ENABLE_PREVIEWS = YES;
				GENERATE_INFOPLIST_FILE = YES;
				INFOPLIST_KEY_NSHumanReadableCopyright = "";
				LD_RUNPATH_SEARCH_PATHS = (
					"$(inherited)",
					"@executable_path/../Frameworks",
				);
				MACOSX_DEPLOYMENT_TARGET = 12.3;
				MARKETING_VERSION = 1.0;
				PRODUCT_BUNDLE_IDENTIFIER = com.weatherapp;
				PRODUCT_NAME = weatherapp;
				SDKROOT = macosx;
				SWIFT_EMIT_LOC_STRINGS = YES;
				SWIFT_VERSION = 5.0;
			};
			name = Release;
		};
		E12DC8932844126B00C46DC7 /* Debug */ = {
			isa = XCBuildConfiguration;
			buildSettings = {
				ALWAYS_EMBED_SWIFT_STANDARD_LIBRARIES = YES;
				CODE_SIGN_STYLE = Automatic;
				CURRENT_PROJECT_VERSION = 1;
				DEVELOPMENT_TEAM = PS665D4U8B;
				GENERATE_INFOPLIST_FILE = YES;
				IPHONEOS_DEPLOYMENT_TARGET = 15.5;
				MARKETING_VERSION = 1.0;
				PRODUCT_BUNDLE_IDENTIFIER = "com.Tests-iOS";
				PRODUCT_NAME = "$(TARGET_NAME)";
				SDKROOT = iphoneos;
				SWIFT_EMIT_LOC_STRINGS = NO;
				SWIFT_VERSION = 5.0;
				TARGETED_DEVICE_FAMILY = "1,2";
				TEST_TARGET_NAME = "weatherapp (iOS)";
			};
			name = Debug;
		};
		E12DC8942844126B00C46DC7 /* Release */ = {
			isa = XCBuildConfiguration;
			buildSettings = {
				ALWAYS_EMBED_SWIFT_STANDARD_LIBRARIES = YES;
				CODE_SIGN_STYLE = Automatic;
				CURRENT_PROJECT_VERSION = 1;
				DEVELOPMENT_TEAM = PS665D4U8B;
				GENERATE_INFOPLIST_FILE = YES;
				IPHONEOS_DEPLOYMENT_TARGET = 15.5;
				MARKETING_VERSION = 1.0;
				PRODUCT_BUNDLE_IDENTIFIER = "com.Tests-iOS";
				PRODUCT_NAME = "$(TARGET_NAME)";
				SDKROOT = iphoneos;
				SWIFT_EMIT_LOC_STRINGS = NO;
				SWIFT_VERSION = 5.0;
				TARGETED_DEVICE_FAMILY = "1,2";
				TEST_TARGET_NAME = "weatherapp (iOS)";
				VALIDATE_PRODUCT = YES;
			};
			name = Release;
		};
		E12DC8962844126B00C46DC7 /* Debug */ = {
			isa = XCBuildConfiguration;
			buildSettings = {
				ALWAYS_EMBED_SWIFT_STANDARD_LIBRARIES = YES;
				CODE_SIGN_STYLE = Automatic;
				CURRENT_PROJECT_VERSION = 1;
				DEVELOPMENT_TEAM = PS665D4U8B;
				GENERATE_INFOPLIST_FILE = YES;
				MACOSX_DEPLOYMENT_TARGET = 12.3;
				MARKETING_VERSION = 1.0;
				PRODUCT_BUNDLE_IDENTIFIER = "com.Tests-macOS";
				PRODUCT_NAME = "$(TARGET_NAME)";
				SDKROOT = macosx;
				SWIFT_EMIT_LOC_STRINGS = NO;
				SWIFT_VERSION = 5.0;
				TEST_TARGET_NAME = "weatherapp (macOS)";
			};
			name = Debug;
		};
		E12DC8972844126B00C46DC7 /* Release */ = {
			isa = XCBuildConfiguration;
			buildSettings = {
				ALWAYS_EMBED_SWIFT_STANDARD_LIBRARIES = YES;
				CODE_SIGN_STYLE = Automatic;
				CURRENT_PROJECT_VERSION = 1;
				DEVELOPMENT_TEAM = PS665D4U8B;
				GENERATE_INFOPLIST_FILE = YES;
				MACOSX_DEPLOYMENT_TARGET = 12.3;
				MARKETING_VERSION = 1.0;
				PRODUCT_BUNDLE_IDENTIFIER = "com.Tests-macOS";
				PRODUCT_NAME = "$(TARGET_NAME)";
				SDKROOT = macosx;
				SWIFT_EMIT_LOC_STRINGS = NO;
				SWIFT_VERSION = 5.0;
				TEST_TARGET_NAME = "weatherapp (macOS)";
			};
			name = Release;
		};
/* End XCBuildConfiguration section */

/* Begin XCConfigurationList section */
		E12DC8532844126900C46DC7 /* Build configuration list for PBXProject "weatherapp" */ = {
			isa = XCConfigurationList;
			buildConfigurations = (
				E12DC88A2844126B00C46DC7 /* Debug */,
				E12DC88B2844126B00C46DC7 /* Release */,
			);
			defaultConfigurationIsVisible = 0;
			defaultConfigurationName = Release;
		};
		E12DC88C2844126B00C46DC7 /* Build configuration list for PBXNativeTarget "weatherapp (iOS)" */ = {
			isa = XCConfigurationList;
			buildConfigurations = (
				E12DC88D2844126B00C46DC7 /* Debug */,
				E12DC88E2844126B00C46DC7 /* Release */,
			);
			defaultConfigurationIsVisible = 0;
			defaultConfigurationName = Release;
		};
		E12DC88F2844126B00C46DC7 /* Build configuration list for PBXNativeTarget "weatherapp (macOS)" */ = {
			isa = XCConfigurationList;
			buildConfigurations = (
				E12DC8902844126B00C46DC7 /* Debug */,
				E12DC8912844126B00C46DC7 /* Release */,
			);
			defaultConfigurationIsVisible = 0;
			defaultConfigurationName = Release;
		};
		E12DC8922844126B00C46DC7 /* Build configuration list for PBXNativeTarget "Tests iOS" */ = {
			isa = XCConfigurationList;
			buildConfigurations = (
				E12DC8932844126B00C46DC7 /* Debug */,
				E12DC8942844126B00C46DC7 /* Release */,
			);
			defaultConfigurationIsVisible = 0;
			defaultConfigurationName = Release;
		};
		E12DC8952844126B00C46DC7 /* Build configuration list for PBXNativeTarget "Tests macOS" */ = {
			isa = XCConfigurationList;
			buildConfigurations = (
				E12DC8962844126B00C46DC7 /* Debug */,
				E12DC8972844126B00C46DC7 /* Release */,
			);
			defaultConfigurationIsVisible = 0;
			defaultConfigurationName = Release;
		};
/* End XCConfigurationList section */

/* Begin XCVersionGroup section */
		E12DC8552844126900C46DC7 /* weatherapp.xcdatamodeld */ = {
			isa = XCVersionGroup;
			children = (
				E12DC8562844126900C46DC7 /* Shared.xcdatamodel */,
			);
			currentVersion = E12DC8562844126900C46DC7 /* Shared.xcdatamodel */;
			path = weatherapp.xcdatamodeld;
			sourceTree = "<group>";
			versionGroupType = wrapper.xcdatamodel;
		};
/* End XCVersionGroup section */
	};
	rootObject = E12DC8502844126900C46DC7 /* Project object */;
}
